{
  "name": "homesData",
  "lockfileVersion": 3,
  "requires": true,
  "packages": {
    "": {
      "dependencies": {
        "playwright-stealth": "^0.0.1"
      }
    },
    "node_modules/playwright-stealth": {
      "version": "0.0.1",
      "resolved": "https://registry.npmjs.org/playwright-stealth/-/playwright-stealth-0.0.1.tgz",
      "integrity": "sha512-z7iJllbLk4AroVisI2yjTP3F6I6wLBNbaQiohJ8E8pHB2n6UMYYqtaAL1CubSFHWJ7VJ1vVfy40NTE6WSijXUg==",
      "license": "MIT"
    }
  }
}
